{
  "name": "spe",
  "version": "1.0.0",
  "lockfileVersion": 1,
  "requires": true,
  "dependencies": {
    "@shopify/draggable": {
      "version": "1.0.0-beta.5",
      "resolved": "https://registry.npmjs.org/@shopify/draggable/-/draggable-1.0.0-beta.5.tgz",
      "integrity": "sha512-283xGW5ZtT2vTrhFlTCfO4W83Hh+SbFsm1uXowLLhont/8nuNeQQ/UcFtc425PJieEHvI3NMuMQV/oAhwxoG+A=="
    },
    "draggable": {
      "version": "4.2.0",
      "resolved": "https://registry.npmjs.org/draggable/-/draggable-4.2.0.tgz",
      "integrity": "sha1-FJwMoXbfbYtRIEjI5FH0mfwEe5o="
    }
  }
}
